{
	"name": "@justin-s/ngx-intl-tel-input",
	"version": "16.0.0",
	"lockfileVersion": 3,
	"requires": true,
	"packages": {
		"": {
			"name": "@justin-s/ngx-intl-tel-input",
			"version": "16.0.0",
			"license": "MIT",
			"devDependencies": {
				"@types/google-libphonenumber": "^7.4.24"
			},
			"peerDependencies": {
				"@angular/common": ">= 16.x",
				"@angular/core": ">= 16.x",
				"@angular/forms": ">= 16.x",
				"google-libphonenumber": "^3.2.33",
				"intl-tel-input": "^18.2.1",
				"ngx-bootstrap": ">= 11.0.0"
			}
		},
		"node_modules/@angular/animations": {
			"version": "16.2.0",
			"resolved": "https://registry.npmjs.org/@angular/animations/-/animations-16.2.0.tgz",
			"integrity": "sha512-SgOjldgRlU6XL1f6OUmFa+1iiy1OCWXH8i7q7g0yGCeQ4XAlvNRjDj++xxvUwDhE2pLKJLPYDJmCH98mvjKZcA==",
			"peer": true,
			"dependencies": {
				"tslib": "^2.3.0"
			},
			"engines": {
				"node": "^16.14.0 || >=18.10.0"
			},
			"peerDependencies": {
				"@angular/core": "16.2.0"
			}
		},
		"node_modules/@angular/common": {
			"version": "16.2.0",
			"resolved": "https://registry.npmjs.org/@angular/common/-/common-16.2.0.tgz",
			"integrity": "sha512-ByrDLsTBarzqRmq4GS841Ku0lvB4L2wfOCfGEIw2ZuiNbZlDA5O/qohQgJnHR5d9meVJnu9NgdbeyMzk90xZNg==",
			"peer": true,
			"dependencies": {
				"tslib": "^2.3.0"
			},
			"engines": {
				"node": "^16.14.0 || >=18.10.0"
			},
			"peerDependencies": {
				"@angular/core": "16.2.0",
				"rxjs": "^6.5.3 || ^7.4.0"
			}
		},
		"node_modules/@angular/core": {
			"version": "16.2.0",
			"resolved": "https://registry.npmjs.org/@angular/core/-/core-16.2.0.tgz",
			"integrity": "sha512-iwUWFw+JmRxw0chcNoqhXVR8XUTE+Rszhy22iSCkK0Jo8IJqEad1d2dQoFu1QfqOVdPMZtpJDmC/ppQ/f5c5aA==",
			"peer": true,
			"dependencies": {
				"tslib": "^2.3.0"
			},
			"engines": {
				"node": "^16.14.0 || >=18.10.0"
			},
			"peerDependencies": {
				"rxjs": "^6.5.3 || ^7.4.0",
				"zone.js": "~0.13.0"
			}
		},
		"node_modules/@angular/forms": {
			"version": "16.2.0",
			"resolved": "https://registry.npmjs.org/@angular/forms/-/forms-16.2.0.tgz",
			"integrity": "sha512-Z/IFw319ZSgGbJFkR5Ba0sRIIqDxQDVH4I+vnVoOYqq2NxuHYfLJDHAB9uHln9GWj86b1SrJBZe8qiS7Sxb7yQ==",
			"peer": true,
			"dependencies": {
				"tslib": "^2.3.0"
			},
			"engines": {
				"node": "^16.14.0 || >=18.10.0"
			},
			"peerDependencies": {
				"@angular/common": "16.2.0",
				"@angular/core": "16.2.0",
				"@angular/platform-browser": "16.2.0",
				"rxjs": "^6.5.3 || ^7.4.0"
			}
		},
		"node_modules/@angular/platform-browser": {
			"version": "16.2.0",
			"resolved": "https://registry.npmjs.org/@angular/platform-browser/-/platform-browser-16.2.0.tgz",
			"integrity": "sha512-6xjZFnSD0C8ylDbzKpsxCJ4pLJDRvippr9Wj9RCeDQvAzMibsqIjpbesyOccw3hO+jheJQRhM/rZeO1ubZU94w==",
			"peer": true,
			"dependencies": {
				"tslib": "^2.3.0"
			},
			"engines": {
				"node": "^16.14.0 || >=18.10.0"
			},
			"peerDependencies": {
				"@angular/animations": "16.2.0",
				"@angular/common": "16.2.0",
				"@angular/core": "16.2.0"
			},
			"peerDependenciesMeta": {
				"@angular/animations": {
					"optional": true
				}
			}
		},
		"node_modules/@types/google-libphonenumber": {
			"version": "7.4.24",
			"resolved": "https://registry.npmjs.org/@types/google-libphonenumber/-/google-libphonenumber-7.4.24.tgz",
			"integrity": "sha512-0gTFkoEd7j3KmxOMyEnubyvAeH2UJzu4ba2BIgY88OonZIyyS9u3NB0q8UW4A+OdIQp6OK8jwtpzy6I/IQw8Lg==",
			"dev": true
		},
		"node_modules/google-libphonenumber": {
			"version": "3.2.33",
			"resolved": "https://registry.npmjs.org/google-libphonenumber/-/google-libphonenumber-3.2.33.tgz",
			"integrity": "sha512-1QKCvAlfq8zY1mviORI9lDzM3I/hwm9+h0CwYBTLq59DBbSHMd5zBOLqHZFiBLicRpwIz46Nynvbywj1XApKvA==",
			"peer": true,
			"engines": {
				"node": ">=0.10"
			}
		},
		"node_modules/intl-tel-input": {
			"version": "18.2.1",
			"resolved": "https://registry.npmjs.org/intl-tel-input/-/intl-tel-input-18.2.1.tgz",
			"integrity": "sha512-wOm0/61kTtpYjOOW1bhHzC4G8Om+atTxHmg31FS0KD0LQ8k8BpgO925npyi4jlT/EK4+joABABZzz0/XeSgupQ==",
			"peer": true
		},
		"node_modules/ngx-bootstrap": {
			"version": "11.0.2",
			"resolved": "https://registry.npmjs.org/ngx-bootstrap/-/ngx-bootstrap-11.0.2.tgz",
			"integrity": "sha512-McvQ72XB6692Jus47jahWWwjpSCa6EtHMIqoyMewKCEHMv0ybDgVnOAdEsWKvwfulowHn7Y/jDjeiURwYJG9cQ==",
			"peer": true,
			"dependencies": {
				"tslib": "^2.3.0"
			},
			"peerDependencies": {
				"@angular/animations": "^16.0.0",
				"@angular/common": "^16.0.0",
				"@angular/core": "^16.0.0",
				"@angular/forms": "^16.0.0",
				"rxjs": "^6.5.3 || ^7.6.0"
			}
		},
		"node_modules/rxjs": {
			"version": "7.8.1",
			"resolved": "https://registry.npmjs.org/rxjs/-/rxjs-7.8.1.tgz",
			"integrity": "sha512-AA3TVj+0A2iuIoQkWEK/tqFjBq2j+6PO6Y0zJcvzLAFhEFIO3HL0vls9hWLncZbAAbK0mar7oZ4V079I/qPMxg==",
			"peer": true,
			"dependencies": {
				"tslib": "^2.1.0"
			}
		},
		"node_modules/tslib": {
			"version": "2.6.1",
			"resolved": "https://registry.npmjs.org/tslib/-/tslib-2.6.1.tgz",
			"integrity": "sha512-t0hLfiEKfMUoqhG+U1oid7Pva4bbDPHYfJNiB7BiIjRkj1pyC++4N3huJfqY6aRH6VTB0rvtzQwjM4K6qpfOig==",
			"peer": true
		},
		"node_modules/zone.js": {
			"version": "0.13.1",
			"resolved": "https://registry.npmjs.org/zone.js/-/zone.js-0.13.1.tgz",
			"integrity": "sha512-+bIeDAFEBYuXRuU3qGQvzdPap+N1zjM4KkBAiiQuVVCrHrhjDuY6VkUhNa5+U27+9w0q3fbKiMCbpJ0XzMmSWA==",
			"peer": true,
			"dependencies": {
				"tslib": "^2.3.0"
			}
		}
	}
}
