{
  "name": "ngx-intl-tel-input",
  "version": "2.2.1",
  "lockfileVersion": 1,
  "requires": true,
  "dependencies": {
    "@types/google-libphonenumber": {
      "version": "7.4.17",
      "resolved": "https://registry.npmjs.org/@types/google-libphonenumber/-/google-libphonenumber-7.4.17.tgz",
      "integrity": "sha512-NdqFHXBGxwiGjJn7dTAjcCckgxE+LbE3jik6/SNiC9ZfG4BxHJM1X6m8w+/ZpSGRN5s0+4dIL+MaD/KSXywp1g==",
      "dev": true
    }
  }
}
